
Microsoft Visual Studio Solution File, Format Version 12.00
# Visual Studio 2013
VisualStudioVersion = 12.0.31101.0
MinimumVisualStudioVersion = 10.0.40219.1
Project("{2150E333-8FDC-42A3-9474-1A3956D46DE8}") = "Solution Items", "Solution Items", "{CEE80DF9-F339-4E70-A32F-C164F6FE4C7C}"
	ProjectSection(SolutionItems) = preProject
		Belgium Root CA2.cer = Belgium Root CA2.cer
		Citizen CA.cer = Citizen CA.cer
		Readme.txt = Readme.txt
	EndProjectSection
EndProject
Project("{FAE04EC0-301F-11D3-BF4B-00C04F79EFBC}") = "Eid.Owin", "Eid.Owin\Eid.Owin.csproj", "{EE229476-9512-4D56-BAC6-C171F6AF3CA8}"
EndProject
Project("{FAE04EC0-301F-11D3-BF4B-00C04F79EFBC}") = "Eid.Owin.DemoWebApp", "Eid.Owin.DemoWebApp\Eid.Owin.DemoWebApp.csproj", "{88497F51-CE69-48EA-9B05-5F8EC34F29F0}"
EndProject
Global
	GlobalSection(SolutionConfigurationPlatforms) = preSolution
		Debug|Any CPU = Debug|Any CPU
		Release|Any CPU = Release|Any CPU
	EndGlobalSection
	GlobalSection(ProjectConfigurationPlatforms) = postSolution
		{EE229476-9512-4D56-BAC6-C171F6AF3CA8}.Debug|Any CPU.ActiveCfg = Debug|Any CPU
		{EE229476-9512-4D56-BAC6-C171F6AF3CA8}.Debug|Any CPU.Build.0 = Debug|Any CPU
		{EE229476-9512-4D56-BAC6-C171F6AF3CA8}.Release|Any CPU.ActiveCfg = Release|Any CPU
		{EE229476-9512-4D56-BAC6-C171F6AF3CA8}.Release|Any CPU.Build.0 = Release|Any CPU
		{88497F51-CE69-48EA-9B05-5F8EC34F29F0}.Debug|Any CPU.ActiveCfg = Debug|Any CPU
		{88497F51-CE69-48EA-9B05-5F8EC34F29F0}.Debug|Any CPU.Build.0 = Debug|Any CPU
		{88497F51-CE69-48EA-9B05-5F8EC34F29F0}.Release|Any CPU.ActiveCfg = Release|Any CPU
		{88497F51-CE69-48EA-9B05-5F8EC34F29F0}.Release|Any CPU.Build.0 = Release|Any CPU
	EndGlobalSection
	GlobalSection(SolutionProperties) = preSolution
		HideSolutionNode = FALSE
	EndGlobalSection
EndGlobal
